{
  "name": "monitor-hapi",
  "version": "1.0.0",
  "lockfileVersion": 1,
  "dependencies": {
    "@flyme/skynet-db": {
      "version": "1.7.3",
      "resolved": "http://appff.meizu.com:8888/@flyme%2fskynet-db/-/skynet-db-1.7.3.tgz",
      "integrity": "sha512-FgcUsSms5i5UHi+MEx2i6x8QHuhYN3RvrSsqJgTkScZmXI2zzrKkfMvVMfBIkXRey/tR08WEHF2LOoYMlg4tSQ=="
    },
    "@flyme/skynet-utils": {
      "version": "1.0.5",
      "resolved": "http://appff.meizu.com:8888/@flyme%2fskynet-utils/-/skynet-utils-1.0.5.tgz",
      "integrity": "sha512-CXzSJvDMIu9onWx4wPHDyU81YcG1eFQd+iZJVapRScDgbY5XvdVRAQARrF66hNovT9zIX/UmlbM5aM7aBEHyJQ==",
      "dependencies": {
        "cron-parser": {
          "version": "2.5.0",
          "resolved": "http://registry.npm.taobao.org/cron-parser/download/cron-parser-2.5.0.tgz",
          "integrity": "sha1-7BOFo6qMY2JCVnic4uz6M4OEZ2o="
        },
        "long-timeout": {
          "version": "0.1.1",
          "resolved": "http://registry.npm.taobao.org/long-timeout/download/long-timeout-0.1.1.tgz",
          "integrity": "sha1-lyHXiLR+C8taJMLivuGg2lXatRQ="
        },
        "node-schedule": {
          "version": "1.3.0",
          "resolved": "http://registry.npm.taobao.org/node-schedule/download/node-schedule-1.3.0.tgz",
          "integrity": "sha1-56foFqfyVQ1bFwvRBudl2yi98DA="
        }
      }
    },
    "accept": {
      "version": "http://172.17.132.227:8888/accept/-/accept-2.1.3.tgz",
      "integrity": "sha1-qw9b2kxEm76SaupgezUiVi9az4Y=",
      "dependencies": {
        "boom": {
          "version": "http://172.17.132.227:8888/boom/-/boom-4.2.0.tgz",
          "integrity": "sha1-wadBdLEfu6Ij9hYtT9iFGhuCpTY="
        }
      }
    },
    "ajv": {
      "version": "5.5.2",
      "resolved": "http://registry.npm.taobao.org/ajv/download/ajv-5.5.2.tgz",
      "integrity": "sha1-c7Xuyj+rZT49P5Qis0GtQiBdyWU="
    },
    "ammo": {
      "version": "http://172.18.34.100:8888/ammo/-/ammo-2.0.3.tgz",
      "integrity": "sha1-kUu89lsEPtD1ioqdAZbiUOxR5qc=",
      "dependencies": {
        "boom": {
          "version": "http://172.17.132.227:8888/boom/-/boom-4.2.0.tgz",
          "integrity": "sha1-wadBdLEfu6Ij9hYtT9iFGhuCpTY="
        }
      }
    },
    "asn1": {
      "version": "0.2.3",
      "resolved": "http://registry.npm.taobao.org/asn1/download/asn1-0.2.3.tgz",
      "integrity": "sha1-2sh4dxPJlmhJ/IGAd36+nB3fO4Y="
    },
    "assert-plus": {
      "version": "1.0.0",
      "resolved": "http://registry.npm.taobao.org/assert-plus/download/assert-plus-1.0.0.tgz",
      "integrity": "sha1-8S4PPF13sLHN2RRpQuTpbB5N1SU="
    },
    "async": {
      "version": "http://172.18.34.100:8888/async/-/async-2.1.4.tgz",
      "integrity": "sha1-LSFgx3iAMuTdbL4lAvH5osj2zeQ="
    },
    "asynckit": {
      "version": "0.4.0",
      "resolved": "http://registry.npm.taobao.org/asynckit/download/asynckit-0.4.0.tgz",
      "integrity": "sha1-x57Zf380y48robyXkLzDZkdLS3k="
    },
    "aws-sign2": {
      "version": "0.7.0",
      "resolved": "http://registry.npm.taobao.org/aws-sign2/download/aws-sign2-0.7.0.tgz",
      "integrity": "sha1-tG6JCTSpWR8tL2+G1+ap8bP+dqg="
    },
    "aws4": {
      "version": "1.7.0",
      "resolved": "http://registry.npm.taobao.org/aws4/download/aws4-1.7.0.tgz",
      "integrity": "sha1-1NDpudv8p3vwjusKikcVUP454ok="
    },
    "b64": {
      "version": "http://172.17.132.227:8888/b64/-/b64-3.0.2.tgz",
      "integrity": "sha1-ep1gRmrfe43hFMvfZRpf38yQiU0="
    },
    "bcrypt-pbkdf": {
      "version": "1.0.1",
      "resolved": "http://registry.npm.taobao.org/bcrypt-pbkdf/download/bcrypt-pbkdf-1.0.1.tgz",
      "integrity": "sha1-Y7xdy2EzG5K8Bf1SiVPDNGKgb40=",
      "optional": true
    },
    "bluebird": {
      "version": "http://appff.meizu.com:8888/bluebird/-/bluebird-3.5.0.tgz",
      "integrity": "sha1-eRQg1/VR7qKJdFOop3ZT+WYG1nw="
    },
    "boom": {
      "version": "http://172.17.132.227:8888/boom/-/boom-3.2.2.tgz",
      "integrity": "sha1-DwzF0ErcUAO4x9cfQsynJx/vDng="
    },
    "bson": {
      "version": "http://172.18.34.100:8888/bson/-/bson-1.0.4.tgz",
      "integrity": "sha1-k8ENOeqltYQVy8QFLz5T5WKwtyw="
    },
    "buffer-shims": {
      "version": "http://172.17.132.227:8888/buffer-shims/-/buffer-shims-1.0.0.tgz",
      "integrity": "sha1-mXjOMXOIxkmth5MCjDR37wRKi1E="
    },
    "call": {
      "version": "http://172.18.34.100:8888/call/-/call-3.0.4.tgz",
      "integrity": "sha1-44Dy8qSRMwqnkIU1X4vggId9VZ4=",
      "dependencies": {
        "boom": {
          "version": "http://172.17.132.227:8888/boom/-/boom-4.2.0.tgz",
          "integrity": "sha1-wadBdLEfu6Ij9hYtT9iFGhuCpTY="
        }
      }
    },
    "caseless": {
      "version": "0.12.0",
      "resolved": "http://registry.npm.taobao.org/caseless/download/caseless-0.12.0.tgz",
      "integrity": "sha1-G2gcIf+EAzyCZUMJBolCDRhxUdw="
    },
    "catbox": {
      "version": "http://172.18.34.100:8888/catbox/-/catbox-7.1.3.tgz",
      "integrity": "sha1-mBft7FqSF0MoKt38nEWs5ShH7rs=",
      "dependencies": {
        "boom": {
          "version": "http://172.17.132.227:8888/boom/-/boom-4.2.0.tgz",
          "integrity": "sha1-wadBdLEfu6Ij9hYtT9iFGhuCpTY="
        }
      }
    },
    "catbox-memory": {
      "version": "http://172.18.34.100:8888/catbox-memory/-/catbox-memory-2.0.4.tgz",
      "integrity": "sha1-Qz4lWQLK9UIz0ShkKcj03xToItU="
    },
    "charenc": {
      "version": "0.0.2",
      "resolved": "http://registry.npm.taobao.org/charenc/download/charenc-0.0.2.tgz",
      "integrity": "sha1-wKHS86cJLgN3S/qD8UwPxXkKhmc="
    },
    "co": {
      "version": "4.6.0",
      "resolved": "http://registry.npm.taobao.org/co/download/co-4.6.0.tgz",
      "integrity": "sha1-bqa989hTrlTMuOR7+gvz+QMfsYQ="
    },
    "combined-stream": {
      "version": "1.0.6",
      "resolved": "http://registry.npm.taobao.org/combined-stream/download/combined-stream-1.0.6.tgz",
      "integrity": "sha1-cj599ugBrFYTETp+RFqbactjKBg="
    },
    "content": {
      "version": "http://172.18.34.100:8888/content/-/content-3.0.3.tgz",
      "integrity": "sha1-AA+KATcblcZq/pm+k5D6bLkaqHo=",
      "dependencies": {
        "boom": {
          "version": "http://172.17.132.227:8888/boom/-/boom-4.2.0.tgz",
          "integrity": "sha1-wadBdLEfu6Ij9hYtT9iFGhuCpTY="
        }
      }
    },
    "core-util-is": {
      "version": "https://registry.npmjs.org/core-util-is/-/core-util-is-1.0.2.tgz",
      "integrity": "sha1-tf1UIgqivFq1eqtxQMlAdUUDwac="
    },
    "cron-parser": {
      "version": "http://172.17.132.227:8888/cron-parser/-/cron-parser-1.1.0.tgz",
      "integrity": "sha1-B1uExFnBVejEgqtNVq/5na5YNS4="
    },
    "crypt": {
      "version": "0.0.2",
      "resolved": "http://registry.npm.taobao.org/crypt/download/crypt-0.0.2.tgz",
      "integrity": "sha1-iNf/fsDfuG9xPch7u0LQRNPmxBs="
    },
    "cryptiles": {
      "version": "http://172.17.132.227:8888/cryptiles/-/cryptiles-3.1.1.tgz",
      "integrity": "sha1-hqkgP3NnoOkyS8dVX/D89fgZee4=",
      "dependencies": {
        "boom": {
          "version": "http://172.17.132.227:8888/boom/-/boom-4.2.0.tgz",
          "integrity": "sha1-wadBdLEfu6Ij9hYtT9iFGhuCpTY="
        }
      }
    },
    "dashdash": {
      "version": "1.14.1",
      "resolved": "http://registry.npm.taobao.org/dashdash/download/dashdash-1.14.1.tgz",
      "integrity": "sha1-hTz6D3y+L+1d4gMmuN1YEDX24vA="
    },
    "debug": {
      "version": "https://registry.npm.taobao.org/debug/download/debug-2.6.9.tgz",
      "integrity": "sha1-XRKFFd8TT/Mn6QpMk/Tgd6U2NB8="
    },
    "define-properties": {
      "version": "1.1.2",
      "resolved": "http://registry.npm.taobao.org/define-properties/download/define-properties-1.1.2.tgz",
      "integrity": "sha1-g6c/L+pWmJj7c3GTyPhzyvbUXJQ="
    },
    "delayed-stream": {
      "version": "1.0.0",
      "resolved": "http://registry.npm.taobao.org/delayed-stream/download/delayed-stream-1.0.0.tgz",
      "integrity": "sha1-3zrhmayt+31ECqrgsp4icrJOxhk="
    },
    "duplexify": {
      "version": "http://172.17.132.227:8888/duplexify/-/duplexify-3.5.0.tgz",
      "integrity": "sha1-GqdzAC4VeEV+nZ1KULDMquvL1gQ="
    },
    "ecc-jsbn": {
      "version": "0.1.1",
      "resolved": "http://registry.npm.taobao.org/ecc-jsbn/download/ecc-jsbn-0.1.1.tgz",
      "integrity": "sha1-D8c6ntXw1Tw4GTOYUj735UN3dQU=",
      "optional": true
    },
    "end-of-stream": {
      "version": "http://172.17.132.227:8888/end-of-stream/-/end-of-stream-1.0.0.tgz",
      "integrity": "sha1-1FlucCc0qT5A6a+GQxnqvZn/Lw4="
    },
    "es6-promise": {
      "version": "http://172.17.132.227:8888/es6-promise/-/es6-promise-3.2.1.tgz",
      "integrity": "sha1-7FYjOGgDKQkgcXDDlEjiREndH8Q="
    },
    "extend": {
      "version": "3.0.1",
      "resolved": "http://registry.npm.taobao.org/extend/download/extend-3.0.1.tgz",
      "integrity": "sha1-p1Xqe8Gt/MWjHOfnYtuq3F5jZEQ="
    },
    "extsprintf": {
      "version": "1.3.0",
      "resolved": "http://registry.npm.taobao.org/extsprintf/download/extsprintf-1.3.0.tgz",
      "integrity": "sha1-lpGEQOMEGnpBT4xS48V06zw+HgU="
    },
    "fast-deep-equal": {
      "version": "1.1.0",
      "resolved": "http://registry.npm.taobao.org/fast-deep-equal/download/fast-deep-equal-1.1.0.tgz",
      "integrity": "sha1-wFNHeBfIa1HaqFPIHgWbcz0CNhQ="
    },
    "fast-json-stable-stringify": {
      "version": "2.0.0",
      "resolved": "http://registry.npm.taobao.org/fast-json-stable-stringify/download/fast-json-stable-stringify-2.0.0.tgz",
      "integrity": "sha1-1RQsDK7msRifh9OnYREGT4bIu/I="
    },
    "fast-safe-stringify": {
      "version": "http://172.17.132.227:8888/fast-safe-stringify/-/fast-safe-stringify-1.0.9.tgz",
      "integrity": "sha1-J8kVpL491Q5QGCYZOhTdCJnbrQg="
    },
    "foreach": {
      "version": "2.0.5",
      "resolved": "http://registry.npm.taobao.org/foreach/download/foreach-2.0.5.tgz",
      "integrity": "sha1-C+4AUBiusmDQo6865ljdATbsG5k="
    },
    "forever-agent": {
      "version": "0.6.1",
      "resolved": "http://registry.npm.taobao.org/forever-agent/download/forever-agent-0.6.1.tgz",
      "integrity": "sha1-+8cfDEGt6zf5bFd60e1C2P2sypE="
    },
    "form-data": {
      "version": "2.3.2",
      "resolved": "http://registry.npm.taobao.org/form-data/download/form-data-2.3.2.tgz",
      "integrity": "sha1-SXBJi+YEwgwAXU9cI67NIda0kJk="
    },
    "getpass": {
      "version": "0.1.7",
      "resolved": "http://registry.npm.taobao.org/getpass/download/getpass-0.1.7.tgz",
      "integrity": "sha1-Xv+OPmhNVprkyysSgmBOi6YhSfo="
    },
    "good": {
      "version": "http://172.18.34.100:8888/good/-/good-7.1.0.tgz",
      "integrity": "sha1-ngWtJMWKEbcc9QgXAPN3jbCyLBw="
    },
    "good-console": {
      "version": "https://registry.npm.taobao.org/good-console/download/good-console-6.4.0.tgz",
      "integrity": "sha1-cpTJ2QxMnwWaCC4YBiVJWWbSulk=",
      "dependencies": {
        "joi": {
          "version": "http://172.17.132.227:8888/joi/-/joi-8.1.1.tgz",
          "integrity": "sha1-LYtSpdkJ0hftRySFd+7+ixeY9I8="
        }
      }
    },
    "good-squeeze": {
      "version": "http://172.17.132.227:8888/good-squeeze/-/good-squeeze-4.0.0.tgz",
      "integrity": "sha1-p9Mn3Pwl7ISzHztlrasyQZdw/wc=",
      "dependencies": {
        "hoek": {
          "version": "http://172.17.132.227:8888/hoek/-/hoek-3.0.4.tgz",
          "integrity": "sha1-Jorf9mu2aVxptHiaiLHghHw/MSM="
        }
      }
    },
    "hapi": {
      "version": "http://172.17.132.227:8888/hapi/-/hapi-14.2.0.tgz",
      "integrity": "sha1-5P4vwYJZig+B6HtBtr4PvTHHVAk=",
      "dependencies": {
        "joi": {
          "version": "http://172.17.132.227:8888/joi/-/joi-9.2.0.tgz",
          "integrity": "sha1-M4WseQGSEwy+Iw6ALsAskhW7/to="
        }
      }
    },
    "har-schema": {
      "version": "2.0.0",
      "resolved": "http://registry.npm.taobao.org/har-schema/download/har-schema-2.0.0.tgz",
      "integrity": "sha1-qUwiJOvKwEeCoNkDVSHyRzW37JI="
    },
    "har-validator": {
      "version": "5.0.3",
      "resolved": "http://registry.npm.taobao.org/har-validator/download/har-validator-5.0.3.tgz",
      "integrity": "sha1-ukAsJmGU8VlW7xXg/PJCmT9qff0="
    },
    "hawk": {
      "version": "6.0.2",
      "resolved": "http://registry.npm.taobao.org/hawk/download/hawk-6.0.2.tgz",
      "integrity": "sha1-r02RTrBl+bXOTZ0RwcshJu7MMDg=",
      "dependencies": {
        "boom": {
          "version": "4.3.1",
          "resolved": "http://registry.npm.taobao.org/boom/download/boom-4.3.1.tgz",
          "integrity": "sha1-T4owBctKfjiJ90kDD9JbluAdLjE="
        }
      }
    },
    "heavy": {
      "version": "http://172.18.34.100:8888/heavy/-/heavy-4.0.3.tgz",
      "integrity": "sha1-l2u6EYsBGxX+kEqk8pKhaL/GIy8=",
      "dependencies": {
        "boom": {
          "version": "http://172.17.132.227:8888/boom/-/boom-4.2.0.tgz",
          "integrity": "sha1-wadBdLEfu6Ij9hYtT9iFGhuCpTY="
        }
      }
    },
    "hoek": {
      "version": "http://172.17.132.227:8888/hoek/-/hoek-4.1.0.tgz",
      "integrity": "sha1-SkVXRg9phC7UY6oAYozCbSaDr6c="
    },
    "hooks-fixed": {
      "version": "https://registry.npm.taobao.org/hooks-fixed/download/hooks-fixed-2.0.2.tgz",
      "integrity": "sha1-IAdtqgfnfYphBog84/FyLgURQLA="
    },
    "http-signature": {
      "version": "1.2.0",
      "resolved": "http://registry.npm.taobao.org/http-signature/download/http-signature-1.2.0.tgz",
      "integrity": "sha1-muzZJRFHcvPZW2WmCruPfBj7rOE="
    },
    "inert": {
      "version": "https://registry.npm.taobao.org/inert/download/inert-4.1.0.tgz",
      "integrity": "sha1-5o35+wuH2K1ojjQo2q811iO2T10=",
      "dependencies": {
        "boom": {
          "version": "http://172.17.132.227:8888/boom/-/boom-4.2.0.tgz",
          "integrity": "sha1-wadBdLEfu6Ij9hYtT9iFGhuCpTY="
        }
      }
    },
    "inherits": {
      "version": "http://172.17.132.227:8888/inherits/-/inherits-2.0.3.tgz",
      "integrity": "sha1-Yzwsg+PaQqUC9SRmAiSA9CCCYd4="
    },
    "iron": {
      "version": "http://172.17.132.227:8888/iron/-/iron-4.0.4.tgz",
      "integrity": "sha1-wfjMTJFFQZSriSDZJHuoguUoBho=",
      "dependencies": {
        "boom": {
          "version": "http://172.17.132.227:8888/boom/-/boom-4.2.0.tgz",
          "integrity": "sha1-wadBdLEfu6Ij9hYtT9iFGhuCpTY="
        }
      }
    },
    "is-buffer": {
      "version": "1.1.6",
      "resolved": "http://registry.npm.taobao.org/is-buffer/download/is-buffer-1.1.6.tgz",
      "integrity": "sha1-76ouqdqg16suoTqXsritUf776L4="
    },
    "is-nan": {
      "version": "1.2.1",
      "resolved": "http://registry.npm.taobao.org/is-nan/download/is-nan-1.2.1.tgz",
      "integrity": "sha1-n69ltvttskt/XAYoR16nH5iEAeI="
    },
    "is-typedarray": {
      "version": "1.0.0",
      "resolved": "http://registry.npm.taobao.org/is-typedarray/download/is-typedarray-1.0.0.tgz",
      "integrity": "sha1-5HnICFjfDBsR3dppQPlgEfzaSpo="
    },
    "isarray": {
      "version": "https://registry.npmjs.org/isarray/-/isarray-1.0.0.tgz",
      "integrity": "sha1-u5NdSFgsuhaMBoNJV6VKPgcSTxE="
    },
    "isemail": {
      "version": "http://172.17.132.227:8888/isemail/-/isemail-2.2.1.tgz",
      "integrity": "sha1-A1PT2aYpUQgMJiwqoKQrjqjp4qY="
    },
    "isstream": {
      "version": "0.1.2",
      "resolved": "http://registry.npm.taobao.org/isstream/download/isstream-0.1.2.tgz",
      "integrity": "sha1-R+Y/evVa+m+S4VAOaQ64uFKcCZo="
    },
    "items": {
      "version": "http://172.17.132.227:8888/items/-/items-2.1.1.tgz",
      "integrity": "sha1-i9FtnIOxlSneWuoyGsqtp4NkoZg="
    },
    "joi": {
      "version": "https://registry.npm.taobao.org/joi/download/joi-10.2.2.tgz",
      "integrity": "sha1-3Fp5K3tMb/+lYiQqlbVdnT8HfiQ="
    },
    "jsbn": {
      "version": "0.1.1",
      "resolved": "http://registry.npm.taobao.org/jsbn/download/jsbn-0.1.1.tgz",
      "integrity": "sha1-peZUwuWi3rXyAdls77yoDA7y9RM=",
      "optional": true
    },
    "json-schema": {
      "version": "0.2.3",
      "resolved": "http://registry.npm.taobao.org/json-schema/download/json-schema-0.2.3.tgz",
      "integrity": "sha1-tIDIkuWaLwWVTOcnvT8qTogvnhM="
    },
    "json-schema-traverse": {
      "version": "0.3.1",
      "resolved": "http://registry.npm.taobao.org/json-schema-traverse/download/json-schema-traverse-0.3.1.tgz",
      "integrity": "sha1-NJptRMU6Ud6JtAgFxdXlm0F9M0A="
    },
    "json-stringify-safe": {
      "version": "https://registry.npmjs.org/json-stringify-safe/-/json-stringify-safe-5.0.1.tgz",
      "integrity": "sha1-Epai1Y/UXxmg9s4B1lcB4sc1tus="
    },
    "jsprim": {
      "version": "1.4.1",
      "resolved": "http://registry.npm.taobao.org/jsprim/download/jsprim-1.4.1.tgz",
      "integrity": "sha1-MT5mvB5cwG5Di8G3SZwuXFastqI="
    },
    "kareem": {
      "version": "https://registry.npm.taobao.org/kareem/download/kareem-1.5.0.tgz",
      "integrity": "sha1-4+QQHZ3P3imXadr0tNtk2JXRdEg="
    },
    "kilt": {
      "version": "http://172.17.132.227:8888/kilt/-/kilt-2.0.2.tgz",
      "integrity": "sha1-BNcYPCmKEjLv3ffdyllZqPYwHiA="
    },
    "lodash": {
      "version": "http://172.16.16.135:7001/lodash/download/lodash-4.17.4.tgz",
      "integrity": "sha1-eCA6TRwyiuHYbcpkYONptX9AVa4="
    },
    "lodash.get": {
      "version": "http://172.18.34.100:8888/lodash.get/-/lodash.get-4.4.2.tgz",
      "integrity": "sha1-LRd/ZS+jHpObRDjVNBSZ36OCXpk="
    },
    "long-timeout": {
      "version": "http://172.17.132.227:8888/long-timeout/-/long-timeout-0.0.2.tgz",
      "integrity": "sha1-82RJuolinROnorJSOk253Wbj/2g="
    },
    "lru-cache": {
      "version": "http://172.18.34.100:8888/lru-cache/-/lru-cache-4.0.2.tgz",
      "integrity": "sha1-HRdnnAac2l0ECZGgnbwsDbN35V4="
    },
    "md5": {
      "version": "2.2.1",
      "resolved": "http://registry.npm.taobao.org/md5/download/md5-2.2.1.tgz",
      "integrity": "sha1-U6s41f48iJG6RlMp6iP6wFQBJvk="
    },
    "mime-db": {
      "version": "http://172.18.34.100:8888/mime-db/-/mime-db-1.26.0.tgz",
      "integrity": "sha1-6v/NDk/Gk1z4E02iRuLmw1MFrf8="
    },
    "mime-types": {
      "version": "2.1.18",
      "resolved": "http://registry.npm.taobao.org/mime-types/download/mime-types-2.1.18.tgz",
      "integrity": "sha1-bzI/YKg9ERRvgx/xH9ZuL+VQO7g=",
      "dependencies": {
        "mime-db": {
          "version": "1.33.0",
          "resolved": "http://registry.npm.taobao.org/mime-db/download/mime-db-1.33.0.tgz",
          "integrity": "sha1-o0kgUKXLm2NFBUHjnZeI0icng9s="
        }
      }
    },
    "mimos": {
      "version": "http://172.17.132.227:8888/mimos/-/mimos-3.0.3.tgz",
      "integrity": "sha1-uRCQcq03jCty9qAQHEPd+ys2ZB8="
    },
    "moment": {
      "version": "http://172.17.132.227:8888/moment/-/moment-2.15.2.tgz",
      "integrity": "sha1-G/3t9qbjRfMi/pVtXfW9CKjOhNw="
    },
    "moment-timezone": {
      "version": "0.5.17",
      "resolved": "http://registry.npm.taobao.org/moment-timezone/download/moment-timezone-0.5.17.tgz",
      "integrity": "sha1-PI/vMgUdhMOvF02R3FKXfcsK1+U="
    },
    "mongodb": {
      "version": "https://registry.npm.taobao.org/mongodb/download/mongodb-2.2.24.tgz",
      "integrity": "sha1-gPQNbsW97A3ezw+c4BROeUxGRJo=",
      "dependencies": {
        "mongodb-core": {
          "version": "https://registry.npm.taobao.org/mongodb-core/download/mongodb-core-2.1.8.tgz",
          "integrity": "sha1-sz4DcNClnZe2yx7GEFJ76elcosA="
        }
      }
    },
    "mongodb-core": {
      "version": "https://registry.npm.taobao.org/mongodb-core/download/mongodb-core-2.1.18.tgz",
      "integrity": "sha1-TEYTm986HwMt7ZHbSfOO7AFlkFA="
    },
    "mongoose": {
      "version": "https://registry.npm.taobao.org/mongoose/download/mongoose-4.13.14.tgz",
      "integrity": "sha1-DrbU/GoVyYNJlKtBAtphRCHR3/A=",
      "dependencies": {
        "async": {
          "version": "https://registry.npm.taobao.org/async/download/async-2.6.0.tgz",
          "integrity": "sha1-YaKau2/MAm/qd+VtHG7FOnlZUfQ="
        },
        "mongodb": {
          "version": "https://registry.npm.taobao.org/mongodb/download/mongodb-2.2.34.tgz",
          "integrity": "sha1-o09Zu+thdUrsQy3nLD/iFSakTBo="
        },
        "readable-stream": {
          "version": "https://registry.npm.taobao.org/readable-stream/download/readable-stream-2.2.7.tgz",
          "integrity": "sha1-BwV6y+JGeyIELTb5jFrVBwVOlbE="
        },
        "string_decoder": {
          "version": "https://registry.npm.taobao.org/string_decoder/download/string_decoder-1.0.3.tgz",
          "integrity": "sha1-D8Z9fBQYJd6UKC3VNr7GubzoYKs="
        }
      }
    },
    "mpath": {
      "version": "https://registry.npm.taobao.org/mpath/download/mpath-0.3.0.tgz",
      "integrity": "sha1-elj3iem1/TyUUgY0FXlg8mvV70Q="
    },
    "mpromise": {
      "version": "http://172.17.132.227:8888/mpromise/-/mpromise-0.5.5.tgz",
      "integrity": "sha1-9bJCWddjrMIlewoMjG2Gb9UXMuY="
    },
    "mquery": {
      "version": "https://registry.npm.taobao.org/mquery/download/mquery-2.3.3.tgz",
      "integrity": "sha1-IhQS5dTnKQylWC3RbqjxkKUGtRg=",
      "dependencies": {
        "sliced": {
          "version": "http://172.17.132.227:8888/sliced/-/sliced-0.0.5.tgz",
          "integrity": "sha1-XtwETKTrb3gW1Qui/GPiXY/kcH8="
        }
      }
    },
    "ms": {
      "version": "https://registry.npm.taobao.org/ms/download/ms-2.0.0.tgz",
      "integrity": "sha1-VgiurfwAvmwpAd9fmGF4jeDVl8g="
    },
    "muri": {
      "version": "https://registry.npm.taobao.org/muri/download/muri-1.3.0.tgz",
      "integrity": "sha1-rszz22TFaqfFs04A+Vt4eFJ6RyE="
    },
    "nigel": {
      "version": "http://172.17.132.227:8888/nigel/-/nigel-2.0.2.tgz",
      "integrity": "sha1-k6GGb7DFLYc5CqdeKxYfS1x15bE="
    },
    "node-schedule": {
      "version": "http://172.18.34.100:8888/node-schedule/-/node-schedule-1.2.0.tgz",
      "integrity": "sha1-8D1OvnGwVz4XCN2uCqRdFlhFDPE="
    },
    "oauth-sign": {
      "version": "0.8.2",
      "resolved": "http://registry.npm.taobao.org/oauth-sign/download/oauth-sign-0.8.2.tgz",
      "integrity": "sha1-Rqarfwrq2N6unsBWV4C31O/rnUM="
    },
    "object-keys": {
      "version": "1.0.11",
      "resolved": "http://registry.npm.taobao.org/object-keys/download/object-keys-1.0.11.tgz",
      "integrity": "sha1-xUYBd4rVYPEULODgG8yotW0TQm0="
    },
    "once": {
      "version": "https://registry.npmjs.org/once/-/once-1.3.3.tgz",
      "integrity": "sha1-suJhVXzkwxTsgwTz+oJmPkKXyiA="
    },
    "oppsy": {
      "version": "http://172.17.132.227:8888/oppsy/-/oppsy-1.0.2.tgz",
      "integrity": "sha1-mAFM1pZ2U6g8//pVQibckAULqtQ="
    },
    "peekaboo": {
      "version": "http://172.17.132.227:8888/peekaboo/-/peekaboo-2.0.2.tgz",
      "integrity": "sha1-/ELhOe/WmMb/KHCmsgwEfNmqKf8="
    },
    "performance-now": {
      "version": "2.1.0",
      "resolved": "http://registry.npm.taobao.org/performance-now/download/performance-now-2.1.0.tgz",
      "integrity": "sha1-Ywn04OX6kT7BxpMHrjZLSzd8nns="
    },
    "pez": {
      "version": "http://172.18.34.100:8888/pez/-/pez-2.1.4.tgz",
      "integrity": "sha1-c/gi+mLVmdZcRgb0kNVNNFGRvHw=",
      "dependencies": {
        "boom": {
          "version": "http://172.17.132.227:8888/boom/-/boom-4.2.0.tgz",
          "integrity": "sha1-wadBdLEfu6Ij9hYtT9iFGhuCpTY="
        }
      }
    },
    "process-nextick-args": {
      "version": "http://172.17.132.227:8888/process-nextick-args/-/process-nextick-args-1.0.7.tgz",
      "integrity": "sha1-FQ4gt1ZZCtP5EJPyWk8q2L/zC6M="
    },
    "pseudomap": {
      "version": "http://172.17.132.227:8888/pseudomap/-/pseudomap-1.0.2.tgz",
      "integrity": "sha1-8FKijacOYYkX7wqKw0wa5aaChrM="
    },
    "pump": {
      "version": "https://registry.npm.taobao.org/pump/download/pump-1.0.2.tgz",
      "integrity": "sha1-Oz7mUS+U8OV1U4wXmV+fFpkKXVE=",
      "dependencies": {
        "end-of-stream": {
          "version": "http://172.17.132.227:8888/end-of-stream/-/end-of-stream-1.1.0.tgz",
          "integrity": "sha1-6TUyWLqpEIll78QcsO+K3i88+wc="
        }
      }
    },
    "pumpify": {
      "version": "http://172.17.132.227:8888/pumpify/-/pumpify-1.3.5.tgz",
      "integrity": "sha1-G2ccYZlAq8rqwK0OOjwWS+dgmTs="
    },
    "punycode": {
      "version": "1.4.1",
      "resolved": "http://registry.npm.taobao.org/punycode/download/punycode-1.4.1.tgz",
      "integrity": "sha1-wNWmOycYgArY4esPpSachN1BhF4="
    },
    "qs": {
      "version": "6.5.1",
      "resolved": "http://registry.npm.taobao.org/qs/download/qs-6.5.1.tgz",
      "integrity": "sha1-NJzfbu+J7EXBLX1es/wMhwNDptg="
    },
    "readable-stream": {
      "version": "http://172.17.132.227:8888/readable-stream/-/readable-stream-2.1.5.tgz",
      "integrity": "sha1-ZvqLcg4UOLNkaB8q0aY8YYRIydA="
    },
    "regexp-clone": {
      "version": "http://172.17.132.227:8888/regexp-clone/-/regexp-clone-0.0.1.tgz",
      "integrity": "sha1-p8LgmJH9vzj7sQ03b7cwA+aKxYk="
    },
    "request": {
      "version": "2.85.0",
      "resolved": "http://registry.npm.taobao.org/request/download/request-2.85.0.tgz",
      "integrity": "sha1-WgNhWkfGFCCz65m326IE+DYD4fo="
    },
    "require_optional": {
      "version": "http://172.17.132.227:8888/require_optional/-/require_optional-1.0.0.tgz",
      "integrity": "sha1-UqhhN6hJco62ClVTNhf4+RT1mr8="
    },
    "resolve-from": {
      "version": "http://172.17.132.227:8888/resolve-from/-/resolve-from-2.0.0.tgz",
      "integrity": "sha1-lICrIOlP+h2egKgEx+oUdhGWa1c="
    },
    "rotating-file-stream": {
      "version": "https://registry.npm.taobao.org/rotating-file-stream/download/rotating-file-stream-1.1.9.tgz",
      "integrity": "sha1-glVNXydClwcyMqbCFNVaJxlY+i8="
    },
    "safe-buffer": {
      "version": "5.1.2",
      "resolved": "http://registry.npm.taobao.org/safe-buffer/download/safe-buffer-5.1.2.tgz",
      "integrity": "sha1-mR7GnSluAxN0fVm9/St0XDX4go0="
    },
    "semver": {
      "version": "http://172.17.132.227:8888/semver/-/semver-5.3.0.tgz",
      "integrity": "sha1-myzl094C0XxgEq0yaqa00M9U+U8="
    },
    "shot": {
      "version": "http://172.18.34.100:8888/shot/-/shot-3.4.0.tgz",
      "integrity": "sha1-5xJe5yV1rlIYNJ6TNjaAjXkNS5I="
    },
    "sliced": {
      "version": "http://172.17.132.227:8888/sliced/-/sliced-1.0.1.tgz",
      "integrity": "sha1-CzpmK10Ewxd7GSa+qCsD+Dei70E="
    },
    "sntp": {
      "version": "2.1.0",
      "resolved": "http://registry.npm.taobao.org/sntp/download/sntp-2.1.0.tgz",
      "integrity": "sha1-LGzsFP7cIiJznK+bXD2F0cxaLMg="
    },
    "sorted-array-functions": {
      "version": "http://appff.meizu.com:8888/sorted-array-functions/-/sorted-array-functions-1.0.0.tgz",
      "integrity": "sha1-wLVU2ecJr/y+VtNMGyUUGX/Tgnk="
    },
    "sshpk": {
      "version": "1.14.1",
      "resolved": "http://registry.npm.taobao.org/sshpk/download/sshpk-1.14.1.tgz",
      "integrity": "sha1-Ew9Zde3a2WPx1W+SuaxsUfqfg+s="
    },
    "statehood": {
      "version": "http://172.17.132.227:8888/statehood/-/statehood-4.1.0.tgz",
      "integrity": "sha1-iih30T2YUKq2zod6VLd43w9DrNs=",
      "dependencies": {
        "joi": {
          "version": "http://172.17.132.227:8888/joi/-/joi-9.2.0.tgz",
          "integrity": "sha1-M4WseQGSEwy+Iw6ALsAskhW7/to="
        }
      }
    },
    "stream-shift": {
      "version": "http://172.17.132.227:8888/stream-shift/-/stream-shift-1.0.0.tgz",
      "integrity": "sha1-1cdSgl5TZ+eG944Y5EXqIjoVWVI="
    },
    "string_decoder": {
      "version": "https://registry.npmjs.org/string_decoder/-/string_decoder-0.10.31.tgz",
      "integrity": "sha1-YuIDvEF2bGwoyfyEMB2rHFMQ+pQ="
    },
    "stringstream": {
      "version": "0.0.5",
      "resolved": "http://registry.npm.taobao.org/stringstream/download/stringstream-0.0.5.tgz",
      "integrity": "sha1-TkhM1N5aC7vuGORjB3EKioFiGHg="
    },
    "subtext": {
      "version": "http://172.17.132.227:8888/subtext/-/subtext-4.3.0.tgz",
      "integrity": "sha1-36yQSS7DVmn9bgDG5dk4sG18z7s=",
      "dependencies": {
        "boom": {
          "version": "http://172.17.132.227:8888/boom/-/boom-4.2.0.tgz",
          "integrity": "sha1-wadBdLEfu6Ij9hYtT9iFGhuCpTY="
        }
      }
    },
    "topo": {
      "version": "http://172.17.132.227:8888/topo/-/topo-2.0.2.tgz",
      "integrity": "sha1-zVYVdSU5BXwNwEkaYhw7xvvh0YI="
    },
    "tough-cookie": {
      "version": "2.3.4",
      "resolved": "http://registry.npm.taobao.org/tough-cookie/download/tough-cookie-2.3.4.tgz",
      "integrity": "sha1-7GDO44rGdQY//JelwYlwV47oNlU="
    },
    "tunnel-agent": {
      "version": "0.6.0",
      "resolved": "http://registry.npm.taobao.org/tunnel-agent/download/tunnel-agent-0.6.0.tgz",
      "integrity": "sha1-J6XeoGs2sEoKmWZ3SykIaPD8QP0="
    },
    "tweetnacl": {
      "version": "0.14.5",
      "resolved": "http://registry.npm.taobao.org/tweetnacl/download/tweetnacl-0.14.5.tgz",
      "integrity": "sha1-WuaBd/GS1EViadEIr6k/+HQ/T2Q=",
      "optional": true
    },
    "util-deprecate": {
      "version": "https://registry.npmjs.org/util-deprecate/-/util-deprecate-1.0.2.tgz",
      "integrity": "sha1-RQ1Nyfpw3nMnYvvS1KKJgUGaDM8="
    },
    "uuid": {
      "version": "3.2.1",
      "resolved": "http://registry.npm.taobao.org/uuid/download/uuid-3.2.1.tgz",
      "integrity": "sha1-EsUou51Y0LkmXZovbw/ovhf/HxQ="
    },
    "verror": {
      "version": "1.10.0",
      "resolved": "http://registry.npm.taobao.org/verror/download/verror-1.10.0.tgz",
      "integrity": "sha1-OhBcoXBTr1XW4nDB+CiGguGNpAA="
    },
    "vise": {
      "version": "http://172.17.132.227:8888/vise/-/vise-2.0.2.tgz",
      "integrity": "sha1-awjo+0y3bjpQzW3Q7DczjoEaDTk="
    },
    "wrappy": {
      "version": "http://172.17.132.227:8888/wrappy/-/wrappy-1.0.2.tgz",
      "integrity": "sha1-tSQ9jz7BqjXxNkYFvA0QNuMKtp8="
    },
    "wreck": {
      "version": "http://172.17.132.227:8888/wreck/-/wreck-10.0.0.tgz",
      "integrity": "sha1-mKuIL4XhalJjMlB/EB9aeEEWIng=",
      "dependencies": {
        "boom": {
          "version": "http://172.17.132.227:8888/boom/-/boom-4.2.0.tgz",
          "integrity": "sha1-wadBdLEfu6Ij9hYtT9iFGhuCpTY="
        }
      }
    },
    "yallist": {
      "version": "http://172.17.132.227:8888/yallist/-/yallist-2.0.0.tgz",
      "integrity": "sha1-MGxUODXwnuGkyyO3vOmrNByRzdQ="
    }
  }
}
