{
  "name": "monitor-hapi",
  "version": "1.0.0",
  "lockfileVersion": 1,
  "requires": true,
  "dependencies": {
    "@flyme/skynet-db": {
      "version": "1.5.0",
      "resolved": "http://appff.meizu.com:8888/@flyme%2fskynet-db/-/skynet-db-1.5.0.tgz",
      "integrity": "sha512-qhOVtD+WdFo6m7KLrQhvqNqUTGnY5jGCg0rOjwjWspZd+UZZyd1MnYlmiWfkOKScBRhM5i8Umj4brYH10h5twQ==",
      "requires": {
        "@flyme/skynet-utils": "http://appff.meizu.com:8888/@flyme%2fskynet-utils/-/skynet-utils-1.0.4.tgz",
        "async": "http://172.18.34.100:8888/async/-/async-2.1.4.tgz",
        "mongoose": "http://172.18.34.100:8888/mongoose/-/mongoose-4.8.2.tgz"
      }
    },
    "@flyme/skynet-utils": {
      "version": "http://appff.meizu.com:8888/@flyme%2fskynet-utils/-/skynet-utils-1.0.4.tgz",
      "integrity": "sha1-Pj9zsRzZ7VTYmvuYSkbcsYRTmx0=",
      "requires": {
        "node-schedule": "http://appff.meizu.com:8888/node-schedule/-/node-schedule-1.2.1.tgz"
      },
      "dependencies": {
        "long-timeout": {
          "version": "http://appff.meizu.com:8888/long-timeout/-/long-timeout-0.1.1.tgz",
          "integrity": "sha1-lyHXiLR+C8taJMLivuGg2lXatRQ="
        },
        "node-schedule": {
          "version": "http://appff.meizu.com:8888/node-schedule/-/node-schedule-1.2.1.tgz",
          "integrity": "sha1-iACzTQzOsP8DGEMu+fILJJljDjY=",
          "requires": {
            "cron-parser": "http://172.17.132.227:8888/cron-parser/-/cron-parser-1.1.0.tgz",
            "long-timeout": "http://appff.meizu.com:8888/long-timeout/-/long-timeout-0.1.1.tgz",
            "sorted-array-functions": "http://appff.meizu.com:8888/sorted-array-functions/-/sorted-array-functions-1.0.0.tgz"
          }
        }
      }
    },
    "accept": {
      "version": "http://172.17.132.227:8888/accept/-/accept-2.1.3.tgz",
      "integrity": "sha1-qw9b2kxEm76SaupgezUiVi9az4Y=",
      "requires": {
        "boom": "http://172.17.132.227:8888/boom/-/boom-4.2.0.tgz",
        "hoek": "http://172.17.132.227:8888/hoek/-/hoek-4.1.0.tgz"
      },
      "dependencies": {
        "boom": {
          "version": "http://172.17.132.227:8888/boom/-/boom-4.2.0.tgz",
          "integrity": "sha1-wadBdLEfu6Ij9hYtT9iFGhuCpTY=",
          "requires": {
            "hoek": "http://172.17.132.227:8888/hoek/-/hoek-4.1.0.tgz"
          }
        }
      }
    },
    "ammo": {
      "version": "http://172.18.34.100:8888/ammo/-/ammo-2.0.3.tgz",
      "integrity": "sha1-kUu89lsEPtD1ioqdAZbiUOxR5qc=",
      "requires": {
        "boom": "http://172.17.132.227:8888/boom/-/boom-4.2.0.tgz",
        "hoek": "http://172.17.132.227:8888/hoek/-/hoek-4.1.0.tgz"
      },
      "dependencies": {
        "boom": {
          "version": "http://172.17.132.227:8888/boom/-/boom-4.2.0.tgz",
          "integrity": "sha1-wadBdLEfu6Ij9hYtT9iFGhuCpTY=",
          "requires": {
            "hoek": "http://172.17.132.227:8888/hoek/-/hoek-4.1.0.tgz"
          }
        }
      }
    },
    "async": {
      "version": "http://172.18.34.100:8888/async/-/async-2.1.4.tgz",
      "integrity": "sha1-LSFgx3iAMuTdbL4lAvH5osj2zeQ=",
      "requires": {
        "lodash": "http://172.16.16.135:7001/lodash/download/lodash-4.17.4.tgz"
      }
    },
    "b64": {
      "version": "http://172.17.132.227:8888/b64/-/b64-3.0.2.tgz",
      "integrity": "sha1-ep1gRmrfe43hFMvfZRpf38yQiU0="
    },
    "bluebird": {
      "version": "https://registry.npmjs.org/bluebird/-/bluebird-2.10.2.tgz",
      "integrity": "sha1-AkpVFylTCIV/FPkfEQb8O1VfRGs="
    },
    "boom": {
      "version": "http://172.17.132.227:8888/boom/-/boom-3.2.2.tgz",
      "integrity": "sha1-DwzF0ErcUAO4x9cfQsynJx/vDng=",
      "requires": {
        "hoek": "http://172.17.132.227:8888/hoek/-/hoek-4.1.0.tgz"
      }
    },
    "bson": {
      "version": "http://172.18.34.100:8888/bson/-/bson-1.0.4.tgz",
      "integrity": "sha1-k8ENOeqltYQVy8QFLz5T5WKwtyw="
    },
    "buffer-shims": {
      "version": "http://172.17.132.227:8888/buffer-shims/-/buffer-shims-1.0.0.tgz",
      "integrity": "sha1-mXjOMXOIxkmth5MCjDR37wRKi1E="
    },
    "call": {
      "version": "http://172.18.34.100:8888/call/-/call-3.0.4.tgz",
      "integrity": "sha1-44Dy8qSRMwqnkIU1X4vggId9VZ4=",
      "requires": {
        "boom": "http://172.17.132.227:8888/boom/-/boom-4.2.0.tgz",
        "hoek": "http://172.17.132.227:8888/hoek/-/hoek-4.1.0.tgz"
      },
      "dependencies": {
        "boom": {
          "version": "http://172.17.132.227:8888/boom/-/boom-4.2.0.tgz",
          "integrity": "sha1-wadBdLEfu6Ij9hYtT9iFGhuCpTY=",
          "requires": {
            "hoek": "http://172.17.132.227:8888/hoek/-/hoek-4.1.0.tgz"
          }
        }
      }
    },
    "catbox": {
      "version": "http://172.18.34.100:8888/catbox/-/catbox-7.1.3.tgz",
      "integrity": "sha1-mBft7FqSF0MoKt38nEWs5ShH7rs=",
      "requires": {
        "boom": "http://172.17.132.227:8888/boom/-/boom-4.2.0.tgz",
        "hoek": "http://172.17.132.227:8888/hoek/-/hoek-4.1.0.tgz",
        "joi": "https://registry.npm.taobao.org/joi/download/joi-10.2.2.tgz"
      },
      "dependencies": {
        "boom": {
          "version": "http://172.17.132.227:8888/boom/-/boom-4.2.0.tgz",
          "integrity": "sha1-wadBdLEfu6Ij9hYtT9iFGhuCpTY=",
          "requires": {
            "hoek": "http://172.17.132.227:8888/hoek/-/hoek-4.1.0.tgz"
          }
        }
      }
    },
    "catbox-memory": {
      "version": "http://172.18.34.100:8888/catbox-memory/-/catbox-memory-2.0.4.tgz",
      "integrity": "sha1-Qz4lWQLK9UIz0ShkKcj03xToItU=",
      "requires": {
        "hoek": "http://172.17.132.227:8888/hoek/-/hoek-4.1.0.tgz"
      }
    },
    "content": {
      "version": "http://172.18.34.100:8888/content/-/content-3.0.3.tgz",
      "integrity": "sha1-AA+KATcblcZq/pm+k5D6bLkaqHo=",
      "requires": {
        "boom": "http://172.17.132.227:8888/boom/-/boom-4.2.0.tgz"
      },
      "dependencies": {
        "boom": {
          "version": "http://172.17.132.227:8888/boom/-/boom-4.2.0.tgz",
          "integrity": "sha1-wadBdLEfu6Ij9hYtT9iFGhuCpTY=",
          "requires": {
            "hoek": "http://172.17.132.227:8888/hoek/-/hoek-4.1.0.tgz"
          }
        }
      }
    },
    "core-util-is": {
      "version": "https://registry.npmjs.org/core-util-is/-/core-util-is-1.0.2.tgz",
      "integrity": "sha1-tf1UIgqivFq1eqtxQMlAdUUDwac="
    },
    "cron-parser": {
      "version": "http://172.17.132.227:8888/cron-parser/-/cron-parser-1.1.0.tgz",
      "integrity": "sha1-B1uExFnBVejEgqtNVq/5na5YNS4="
    },
    "cryptiles": {
      "version": "http://172.17.132.227:8888/cryptiles/-/cryptiles-3.1.1.tgz",
      "integrity": "sha1-hqkgP3NnoOkyS8dVX/D89fgZee4=",
      "requires": {
        "boom": "http://172.17.132.227:8888/boom/-/boom-4.2.0.tgz"
      },
      "dependencies": {
        "boom": {
          "version": "http://172.17.132.227:8888/boom/-/boom-4.2.0.tgz",
          "integrity": "sha1-wadBdLEfu6Ij9hYtT9iFGhuCpTY=",
          "requires": {
            "hoek": "http://172.17.132.227:8888/hoek/-/hoek-4.1.0.tgz"
          }
        }
      }
    },
    "debug": {
      "version": "https://registry.npmjs.org/debug/-/debug-2.2.0.tgz",
      "integrity": "sha1-+HBX6ZWxofauaklgZkE3vFbwOdo=",
      "requires": {
        "ms": "https://registry.npm.taobao.org/ms/download/ms-0.7.1.tgz"
      },
      "dependencies": {
        "ms": {
          "version": "https://registry.npm.taobao.org/ms/download/ms-0.7.1.tgz",
          "integrity": "sha1-nNE8A62/8ltl7/3nzoZO6VIBcJg="
        }
      }
    },
    "duplexify": {
      "version": "http://172.17.132.227:8888/duplexify/-/duplexify-3.5.0.tgz",
      "integrity": "sha1-GqdzAC4VeEV+nZ1KULDMquvL1gQ=",
      "requires": {
        "end-of-stream": "http://172.17.132.227:8888/end-of-stream/-/end-of-stream-1.0.0.tgz",
        "inherits": "http://172.17.132.227:8888/inherits/-/inherits-2.0.3.tgz",
        "readable-stream": "http://172.17.132.227:8888/readable-stream/-/readable-stream-2.1.5.tgz",
        "stream-shift": "http://172.17.132.227:8888/stream-shift/-/stream-shift-1.0.0.tgz"
      }
    },
    "end-of-stream": {
      "version": "http://172.17.132.227:8888/end-of-stream/-/end-of-stream-1.0.0.tgz",
      "integrity": "sha1-1FlucCc0qT5A6a+GQxnqvZn/Lw4=",
      "requires": {
        "once": "https://registry.npmjs.org/once/-/once-1.3.3.tgz"
      }
    },
    "es6-promise": {
      "version": "http://172.17.132.227:8888/es6-promise/-/es6-promise-3.2.1.tgz",
      "integrity": "sha1-7FYjOGgDKQkgcXDDlEjiREndH8Q="
    },
    "fast-safe-stringify": {
      "version": "http://172.17.132.227:8888/fast-safe-stringify/-/fast-safe-stringify-1.0.9.tgz",
      "integrity": "sha1-J8kVpL491Q5QGCYZOhTdCJnbrQg="
    },
    "good": {
      "version": "http://172.18.34.100:8888/good/-/good-7.1.0.tgz",
      "integrity": "sha1-ngWtJMWKEbcc9QgXAPN3jbCyLBw=",
      "requires": {
        "hoek": "http://172.17.132.227:8888/hoek/-/hoek-4.1.0.tgz",
        "joi": "https://registry.npm.taobao.org/joi/download/joi-10.2.2.tgz",
        "oppsy": "http://172.17.132.227:8888/oppsy/-/oppsy-1.0.2.tgz",
        "pumpify": "http://172.17.132.227:8888/pumpify/-/pumpify-1.3.5.tgz"
      }
    },
    "good-console": {
      "version": "https://registry.npm.taobao.org/good-console/download/good-console-6.4.0.tgz",
      "integrity": "sha1-cpTJ2QxMnwWaCC4YBiVJWWbSulk=",
      "requires": {
        "hoek": "http://172.17.132.227:8888/hoek/-/hoek-4.1.0.tgz",
        "joi": "http://172.17.132.227:8888/joi/-/joi-8.1.1.tgz",
        "json-stringify-safe": "https://registry.npmjs.org/json-stringify-safe/-/json-stringify-safe-5.0.1.tgz",
        "moment": "http://172.17.132.227:8888/moment/-/moment-2.15.2.tgz"
      },
      "dependencies": {
        "joi": {
          "version": "http://172.17.132.227:8888/joi/-/joi-8.1.1.tgz",
          "integrity": "sha1-LYtSpdkJ0hftRySFd+7+ixeY9I8=",
          "requires": {
            "hoek": "http://172.17.132.227:8888/hoek/-/hoek-4.1.0.tgz",
            "isemail": "http://172.17.132.227:8888/isemail/-/isemail-2.2.1.tgz",
            "moment": "http://172.17.132.227:8888/moment/-/moment-2.15.2.tgz",
            "topo": "http://172.17.132.227:8888/topo/-/topo-2.0.2.tgz"
          }
        }
      }
    },
    "good-squeeze": {
      "version": "http://172.17.132.227:8888/good-squeeze/-/good-squeeze-4.0.0.tgz",
      "integrity": "sha1-p9Mn3Pwl7ISzHztlrasyQZdw/wc=",
      "requires": {
        "fast-safe-stringify": "http://172.17.132.227:8888/fast-safe-stringify/-/fast-safe-stringify-1.0.9.tgz",
        "hoek": "http://172.17.132.227:8888/hoek/-/hoek-3.0.4.tgz"
      },
      "dependencies": {
        "hoek": {
          "version": "http://172.17.132.227:8888/hoek/-/hoek-3.0.4.tgz",
          "integrity": "sha1-Jorf9mu2aVxptHiaiLHghHw/MSM="
        }
      }
    },
    "hapi": {
      "version": "http://172.17.132.227:8888/hapi/-/hapi-14.2.0.tgz",
      "integrity": "sha1-5P4vwYJZig+B6HtBtr4PvTHHVAk=",
      "requires": {
        "accept": "http://172.17.132.227:8888/accept/-/accept-2.1.3.tgz",
        "ammo": "http://172.18.34.100:8888/ammo/-/ammo-2.0.3.tgz",
        "boom": "http://172.17.132.227:8888/boom/-/boom-3.2.2.tgz",
        "call": "http://172.18.34.100:8888/call/-/call-3.0.4.tgz",
        "catbox": "http://172.18.34.100:8888/catbox/-/catbox-7.1.3.tgz",
        "catbox-memory": "http://172.18.34.100:8888/catbox-memory/-/catbox-memory-2.0.4.tgz",
        "cryptiles": "http://172.17.132.227:8888/cryptiles/-/cryptiles-3.1.1.tgz",
        "heavy": "http://172.18.34.100:8888/heavy/-/heavy-4.0.3.tgz",
        "hoek": "http://172.17.132.227:8888/hoek/-/hoek-4.1.0.tgz",
        "iron": "http://172.17.132.227:8888/iron/-/iron-4.0.4.tgz",
        "items": "http://172.17.132.227:8888/items/-/items-2.1.1.tgz",
        "joi": "http://172.17.132.227:8888/joi/-/joi-9.2.0.tgz",
        "kilt": "http://172.17.132.227:8888/kilt/-/kilt-2.0.2.tgz",
        "mimos": "http://172.17.132.227:8888/mimos/-/mimos-3.0.3.tgz",
        "peekaboo": "http://172.17.132.227:8888/peekaboo/-/peekaboo-2.0.2.tgz",
        "shot": "http://172.18.34.100:8888/shot/-/shot-3.4.0.tgz",
        "statehood": "http://172.17.132.227:8888/statehood/-/statehood-4.1.0.tgz",
        "subtext": "http://172.17.132.227:8888/subtext/-/subtext-4.3.0.tgz",
        "topo": "http://172.17.132.227:8888/topo/-/topo-2.0.2.tgz"
      },
      "dependencies": {
        "joi": {
          "version": "http://172.17.132.227:8888/joi/-/joi-9.2.0.tgz",
          "integrity": "sha1-M4WseQGSEwy+Iw6ALsAskhW7/to=",
          "requires": {
            "hoek": "http://172.17.132.227:8888/hoek/-/hoek-4.1.0.tgz",
            "isemail": "http://172.17.132.227:8888/isemail/-/isemail-2.2.1.tgz",
            "items": "http://172.17.132.227:8888/items/-/items-2.1.1.tgz",
            "moment": "http://172.17.132.227:8888/moment/-/moment-2.15.2.tgz",
            "topo": "http://172.17.132.227:8888/topo/-/topo-2.0.2.tgz"
          }
        }
      }
    },
    "heavy": {
      "version": "http://172.18.34.100:8888/heavy/-/heavy-4.0.3.tgz",
      "integrity": "sha1-l2u6EYsBGxX+kEqk8pKhaL/GIy8=",
      "requires": {
        "boom": "http://172.17.132.227:8888/boom/-/boom-4.2.0.tgz",
        "hoek": "http://172.17.132.227:8888/hoek/-/hoek-4.1.0.tgz",
        "joi": "https://registry.npm.taobao.org/joi/download/joi-10.2.2.tgz"
      },
      "dependencies": {
        "boom": {
          "version": "http://172.17.132.227:8888/boom/-/boom-4.2.0.tgz",
          "integrity": "sha1-wadBdLEfu6Ij9hYtT9iFGhuCpTY=",
          "requires": {
            "hoek": "http://172.17.132.227:8888/hoek/-/hoek-4.1.0.tgz"
          }
        }
      }
    },
    "hoek": {
      "version": "http://172.17.132.227:8888/hoek/-/hoek-4.1.0.tgz",
      "integrity": "sha1-SkVXRg9phC7UY6oAYozCbSaDr6c="
    },
    "hooks-fixed": {
      "version": "http://172.17.132.227:8888/hooks-fixed/-/hooks-fixed-1.2.0.tgz",
      "integrity": "sha1-DSdy1NfWhf+SRHJKnwtbJVmqyWs="
    },
    "inert": {
      "version": "https://registry.npm.taobao.org/inert/download/inert-4.1.0.tgz",
      "integrity": "sha1-5o35+wuH2K1ojjQo2q811iO2T10=",
      "requires": {
        "ammo": "http://172.18.34.100:8888/ammo/-/ammo-2.0.3.tgz",
        "boom": "http://172.17.132.227:8888/boom/-/boom-4.2.0.tgz",
        "hoek": "http://172.17.132.227:8888/hoek/-/hoek-4.1.0.tgz",
        "items": "http://172.17.132.227:8888/items/-/items-2.1.1.tgz",
        "joi": "https://registry.npm.taobao.org/joi/download/joi-10.2.2.tgz",
        "lru-cache": "http://172.18.34.100:8888/lru-cache/-/lru-cache-4.0.2.tgz"
      },
      "dependencies": {
        "boom": {
          "version": "http://172.17.132.227:8888/boom/-/boom-4.2.0.tgz",
          "integrity": "sha1-wadBdLEfu6Ij9hYtT9iFGhuCpTY=",
          "requires": {
            "hoek": "http://172.17.132.227:8888/hoek/-/hoek-4.1.0.tgz"
          }
        }
      }
    },
    "inherits": {
      "version": "http://172.17.132.227:8888/inherits/-/inherits-2.0.3.tgz",
      "integrity": "sha1-Yzwsg+PaQqUC9SRmAiSA9CCCYd4="
    },
    "iron": {
      "version": "http://172.17.132.227:8888/iron/-/iron-4.0.4.tgz",
      "integrity": "sha1-wfjMTJFFQZSriSDZJHuoguUoBho=",
      "requires": {
        "boom": "http://172.17.132.227:8888/boom/-/boom-4.2.0.tgz",
        "cryptiles": "http://172.17.132.227:8888/cryptiles/-/cryptiles-3.1.1.tgz",
        "hoek": "http://172.17.132.227:8888/hoek/-/hoek-4.1.0.tgz"
      },
      "dependencies": {
        "boom": {
          "version": "http://172.17.132.227:8888/boom/-/boom-4.2.0.tgz",
          "integrity": "sha1-wadBdLEfu6Ij9hYtT9iFGhuCpTY=",
          "requires": {
            "hoek": "http://172.17.132.227:8888/hoek/-/hoek-4.1.0.tgz"
          }
        }
      }
    },
    "isarray": {
      "version": "https://registry.npmjs.org/isarray/-/isarray-1.0.0.tgz",
      "integrity": "sha1-u5NdSFgsuhaMBoNJV6VKPgcSTxE="
    },
    "isemail": {
      "version": "http://172.17.132.227:8888/isemail/-/isemail-2.2.1.tgz",
      "integrity": "sha1-A1PT2aYpUQgMJiwqoKQrjqjp4qY="
    },
    "items": {
      "version": "http://172.17.132.227:8888/items/-/items-2.1.1.tgz",
      "integrity": "sha1-i9FtnIOxlSneWuoyGsqtp4NkoZg="
    },
    "joi": {
      "version": "https://registry.npm.taobao.org/joi/download/joi-10.2.2.tgz",
      "integrity": "sha1-3Fp5K3tMb/+lYiQqlbVdnT8HfiQ=",
      "requires": {
        "hoek": "http://172.17.132.227:8888/hoek/-/hoek-4.1.0.tgz",
        "isemail": "http://172.17.132.227:8888/isemail/-/isemail-2.2.1.tgz",
        "items": "http://172.17.132.227:8888/items/-/items-2.1.1.tgz",
        "topo": "http://172.17.132.227:8888/topo/-/topo-2.0.2.tgz"
      }
    },
    "json-stringify-safe": {
      "version": "https://registry.npmjs.org/json-stringify-safe/-/json-stringify-safe-5.0.1.tgz",
      "integrity": "sha1-Epai1Y/UXxmg9s4B1lcB4sc1tus="
    },
    "kareem": {
      "version": "http://172.18.34.100:8888/kareem/-/kareem-1.2.1.tgz",
      "integrity": "sha1-rNuMgRmEWDSrv6WK3hz53qY9x1I="
    },
    "kilt": {
      "version": "http://172.17.132.227:8888/kilt/-/kilt-2.0.2.tgz",
      "integrity": "sha1-BNcYPCmKEjLv3ffdyllZqPYwHiA=",
      "requires": {
        "hoek": "http://172.17.132.227:8888/hoek/-/hoek-4.1.0.tgz"
      }
    },
    "lodash": {
      "version": "http://172.16.16.135:7001/lodash/download/lodash-4.17.4.tgz",
      "integrity": "sha1-eCA6TRwyiuHYbcpkYONptX9AVa4="
    },
    "long-timeout": {
      "version": "http://172.17.132.227:8888/long-timeout/-/long-timeout-0.0.2.tgz",
      "integrity": "sha1-82RJuolinROnorJSOk253Wbj/2g="
    },
    "lru-cache": {
      "version": "http://172.18.34.100:8888/lru-cache/-/lru-cache-4.0.2.tgz",
      "integrity": "sha1-HRdnnAac2l0ECZGgnbwsDbN35V4=",
      "requires": {
        "pseudomap": "http://172.17.132.227:8888/pseudomap/-/pseudomap-1.0.2.tgz",
        "yallist": "http://172.17.132.227:8888/yallist/-/yallist-2.0.0.tgz"
      }
    },
    "mime-db": {
      "version": "http://172.18.34.100:8888/mime-db/-/mime-db-1.26.0.tgz",
      "integrity": "sha1-6v/NDk/Gk1z4E02iRuLmw1MFrf8="
    },
    "mimos": {
      "version": "http://172.17.132.227:8888/mimos/-/mimos-3.0.3.tgz",
      "integrity": "sha1-uRCQcq03jCty9qAQHEPd+ys2ZB8=",
      "requires": {
        "hoek": "http://172.17.132.227:8888/hoek/-/hoek-4.1.0.tgz",
        "mime-db": "http://172.18.34.100:8888/mime-db/-/mime-db-1.26.0.tgz"
      }
    },
    "moment": {
      "version": "http://172.17.132.227:8888/moment/-/moment-2.15.2.tgz",
      "integrity": "sha1-G/3t9qbjRfMi/pVtXfW9CKjOhNw="
    },
    "mongodb": {
      "version": "https://registry.npm.taobao.org/mongodb/download/mongodb-2.2.24.tgz",
      "integrity": "sha1-gPQNbsW97A3ezw+c4BROeUxGRJo=",
      "requires": {
        "es6-promise": "http://172.17.132.227:8888/es6-promise/-/es6-promise-3.2.1.tgz",
        "mongodb-core": "https://registry.npm.taobao.org/mongodb-core/download/mongodb-core-2.1.8.tgz",
        "readable-stream": "http://172.17.132.227:8888/readable-stream/-/readable-stream-2.1.5.tgz"
      },
      "dependencies": {
        "mongodb-core": {
          "version": "https://registry.npm.taobao.org/mongodb-core/download/mongodb-core-2.1.8.tgz",
          "integrity": "sha1-sz4DcNClnZe2yx7GEFJ76elcosA=",
          "requires": {
            "bson": "http://172.18.34.100:8888/bson/-/bson-1.0.4.tgz",
            "require_optional": "http://172.17.132.227:8888/require_optional/-/require_optional-1.0.0.tgz"
          }
        }
      }
    },
    "mongodb-core": {
      "version": "http://172.18.34.100:8888/mongodb-core/-/mongodb-core-2.1.7.tgz",
      "integrity": "sha1-aieQm5gULvJQjZJMJ0lpAIlU+ik=",
      "requires": {
        "bson": "http://172.18.34.100:8888/bson/-/bson-1.0.4.tgz",
        "require_optional": "http://172.17.132.227:8888/require_optional/-/require_optional-1.0.0.tgz"
      }
    },
    "mongoose": {
      "version": "http://172.18.34.100:8888/mongoose/-/mongoose-4.8.2.tgz",
      "integrity": "sha1-1l6eYghnQ1Np5B/CIO3ilmQRjFg=",
      "requires": {
        "async": "http://172.18.34.100:8888/async/-/async-2.1.4.tgz",
        "bson": "http://172.18.34.100:8888/bson/-/bson-1.0.4.tgz",
        "hooks-fixed": "http://172.17.132.227:8888/hooks-fixed/-/hooks-fixed-1.2.0.tgz",
        "kareem": "http://172.18.34.100:8888/kareem/-/kareem-1.2.1.tgz",
        "mongodb": "http://172.18.34.100:8888/mongodb/-/mongodb-2.2.22.tgz",
        "mpath": "http://172.17.132.227:8888/mpath/-/mpath-0.2.1.tgz",
        "mpromise": "http://172.17.132.227:8888/mpromise/-/mpromise-0.5.5.tgz",
        "mquery": "http://172.18.34.100:8888/mquery/-/mquery-2.2.3.tgz",
        "ms": "http://172.18.34.100:8888/ms/-/ms-0.7.2.tgz",
        "muri": "http://172.18.34.100:8888/muri/-/muri-1.2.1.tgz",
        "regexp-clone": "http://172.17.132.227:8888/regexp-clone/-/regexp-clone-0.0.1.tgz",
        "sliced": "http://172.17.132.227:8888/sliced/-/sliced-1.0.1.tgz"
      },
      "dependencies": {
        "mongodb": {
          "version": "http://172.18.34.100:8888/mongodb/-/mongodb-2.2.22.tgz",
          "integrity": "sha1-1nxYj8CPki2xl1Sx0uA+LX0TGfs=",
          "requires": {
            "es6-promise": "http://172.17.132.227:8888/es6-promise/-/es6-promise-3.2.1.tgz",
            "mongodb-core": "http://172.18.34.100:8888/mongodb-core/-/mongodb-core-2.1.7.tgz",
            "readable-stream": "http://172.17.132.227:8888/readable-stream/-/readable-stream-2.1.5.tgz"
          }
        }
      }
    },
    "mpath": {
      "version": "http://172.17.132.227:8888/mpath/-/mpath-0.2.1.tgz",
      "integrity": "sha1-Ok6Ck1mAHeljCcJ6ay4QLon56W4="
    },
    "mpromise": {
      "version": "http://172.17.132.227:8888/mpromise/-/mpromise-0.5.5.tgz",
      "integrity": "sha1-9bJCWddjrMIlewoMjG2Gb9UXMuY="
    },
    "mquery": {
      "version": "http://172.18.34.100:8888/mquery/-/mquery-2.2.3.tgz",
      "integrity": "sha1-pHA7ZPtnNPzlHXhKTfCVyr8aj1c=",
      "requires": {
        "bluebird": "https://registry.npmjs.org/bluebird/-/bluebird-2.10.2.tgz",
        "debug": "https://registry.npmjs.org/debug/-/debug-2.2.0.tgz",
        "regexp-clone": "http://172.17.132.227:8888/regexp-clone/-/regexp-clone-0.0.1.tgz",
        "sliced": "http://172.17.132.227:8888/sliced/-/sliced-0.0.5.tgz"
      },
      "dependencies": {
        "sliced": {
          "version": "http://172.17.132.227:8888/sliced/-/sliced-0.0.5.tgz",
          "integrity": "sha1-XtwETKTrb3gW1Qui/GPiXY/kcH8="
        }
      }
    },
    "ms": {
      "version": "http://172.18.34.100:8888/ms/-/ms-0.7.2.tgz",
      "integrity": "sha1-riXPJRKziFodldfwN4aNhDESR2U="
    },
    "muri": {
      "version": "http://172.18.34.100:8888/muri/-/muri-1.2.1.tgz",
      "integrity": "sha1-7H6lzmympSPrGrNbrNpfqBbJqjw="
    },
    "nigel": {
      "version": "http://172.17.132.227:8888/nigel/-/nigel-2.0.2.tgz",
      "integrity": "sha1-k6GGb7DFLYc5CqdeKxYfS1x15bE=",
      "requires": {
        "hoek": "http://172.17.132.227:8888/hoek/-/hoek-4.1.0.tgz",
        "vise": "http://172.17.132.227:8888/vise/-/vise-2.0.2.tgz"
      }
    },
    "node-schedule": {
      "version": "http://172.18.34.100:8888/node-schedule/-/node-schedule-1.2.0.tgz",
      "integrity": "sha1-8D1OvnGwVz4XCN2uCqRdFlhFDPE=",
      "requires": {
        "cron-parser": "http://172.17.132.227:8888/cron-parser/-/cron-parser-1.1.0.tgz",
        "long-timeout": "http://172.17.132.227:8888/long-timeout/-/long-timeout-0.0.2.tgz"
      }
    },
    "once": {
      "version": "https://registry.npmjs.org/once/-/once-1.3.3.tgz",
      "integrity": "sha1-suJhVXzkwxTsgwTz+oJmPkKXyiA=",
      "requires": {
        "wrappy": "http://172.17.132.227:8888/wrappy/-/wrappy-1.0.2.tgz"
      }
    },
    "oppsy": {
      "version": "http://172.17.132.227:8888/oppsy/-/oppsy-1.0.2.tgz",
      "integrity": "sha1-mAFM1pZ2U6g8//pVQibckAULqtQ=",
      "requires": {
        "hoek": "http://172.17.132.227:8888/hoek/-/hoek-4.1.0.tgz",
        "items": "http://172.17.132.227:8888/items/-/items-2.1.1.tgz"
      }
    },
    "peekaboo": {
      "version": "http://172.17.132.227:8888/peekaboo/-/peekaboo-2.0.2.tgz",
      "integrity": "sha1-/ELhOe/WmMb/KHCmsgwEfNmqKf8="
    },
    "pez": {
      "version": "http://172.18.34.100:8888/pez/-/pez-2.1.4.tgz",
      "integrity": "sha1-c/gi+mLVmdZcRgb0kNVNNFGRvHw=",
      "requires": {
        "b64": "http://172.17.132.227:8888/b64/-/b64-3.0.2.tgz",
        "boom": "http://172.17.132.227:8888/boom/-/boom-4.2.0.tgz",
        "content": "http://172.18.34.100:8888/content/-/content-3.0.3.tgz",
        "hoek": "http://172.17.132.227:8888/hoek/-/hoek-4.1.0.tgz",
        "nigel": "http://172.17.132.227:8888/nigel/-/nigel-2.0.2.tgz"
      },
      "dependencies": {
        "boom": {
          "version": "http://172.17.132.227:8888/boom/-/boom-4.2.0.tgz",
          "integrity": "sha1-wadBdLEfu6Ij9hYtT9iFGhuCpTY=",
          "requires": {
            "hoek": "http://172.17.132.227:8888/hoek/-/hoek-4.1.0.tgz"
          }
        }
      }
    },
    "process-nextick-args": {
      "version": "http://172.17.132.227:8888/process-nextick-args/-/process-nextick-args-1.0.7.tgz",
      "integrity": "sha1-FQ4gt1ZZCtP5EJPyWk8q2L/zC6M="
    },
    "pseudomap": {
      "version": "http://172.17.132.227:8888/pseudomap/-/pseudomap-1.0.2.tgz",
      "integrity": "sha1-8FKijacOYYkX7wqKw0wa5aaChrM="
    },
    "pump": {
      "version": "https://registry.npm.taobao.org/pump/download/pump-1.0.2.tgz",
      "integrity": "sha1-Oz7mUS+U8OV1U4wXmV+fFpkKXVE=",
      "requires": {
        "end-of-stream": "http://172.17.132.227:8888/end-of-stream/-/end-of-stream-1.1.0.tgz",
        "once": "https://registry.npmjs.org/once/-/once-1.3.3.tgz"
      },
      "dependencies": {
        "end-of-stream": {
          "version": "http://172.17.132.227:8888/end-of-stream/-/end-of-stream-1.1.0.tgz",
          "integrity": "sha1-6TUyWLqpEIll78QcsO+K3i88+wc=",
          "requires": {
            "once": "https://registry.npmjs.org/once/-/once-1.3.3.tgz"
          }
        }
      }
    },
    "pumpify": {
      "version": "http://172.17.132.227:8888/pumpify/-/pumpify-1.3.5.tgz",
      "integrity": "sha1-G2ccYZlAq8rqwK0OOjwWS+dgmTs=",
      "requires": {
        "duplexify": "http://172.17.132.227:8888/duplexify/-/duplexify-3.5.0.tgz",
        "inherits": "http://172.17.132.227:8888/inherits/-/inherits-2.0.3.tgz",
        "pump": "https://registry.npm.taobao.org/pump/download/pump-1.0.2.tgz"
      }
    },
    "readable-stream": {
      "version": "http://172.17.132.227:8888/readable-stream/-/readable-stream-2.1.5.tgz",
      "integrity": "sha1-ZvqLcg4UOLNkaB8q0aY8YYRIydA=",
      "requires": {
        "buffer-shims": "http://172.17.132.227:8888/buffer-shims/-/buffer-shims-1.0.0.tgz",
        "core-util-is": "https://registry.npmjs.org/core-util-is/-/core-util-is-1.0.2.tgz",
        "inherits": "http://172.17.132.227:8888/inherits/-/inherits-2.0.3.tgz",
        "isarray": "https://registry.npmjs.org/isarray/-/isarray-1.0.0.tgz",
        "process-nextick-args": "http://172.17.132.227:8888/process-nextick-args/-/process-nextick-args-1.0.7.tgz",
        "string_decoder": "https://registry.npmjs.org/string_decoder/-/string_decoder-0.10.31.tgz",
        "util-deprecate": "https://registry.npmjs.org/util-deprecate/-/util-deprecate-1.0.2.tgz"
      }
    },
    "regexp-clone": {
      "version": "http://172.17.132.227:8888/regexp-clone/-/regexp-clone-0.0.1.tgz",
      "integrity": "sha1-p8LgmJH9vzj7sQ03b7cwA+aKxYk="
    },
    "require_optional": {
      "version": "http://172.17.132.227:8888/require_optional/-/require_optional-1.0.0.tgz",
      "integrity": "sha1-UqhhN6hJco62ClVTNhf4+RT1mr8=",
      "requires": {
        "resolve-from": "http://172.17.132.227:8888/resolve-from/-/resolve-from-2.0.0.tgz",
        "semver": "http://172.17.132.227:8888/semver/-/semver-5.3.0.tgz"
      }
    },
    "resolve-from": {
      "version": "http://172.17.132.227:8888/resolve-from/-/resolve-from-2.0.0.tgz",
      "integrity": "sha1-lICrIOlP+h2egKgEx+oUdhGWa1c="
    },
    "rotating-file-stream": {
      "version": "https://registry.npm.taobao.org/rotating-file-stream/download/rotating-file-stream-1.1.9.tgz",
      "integrity": "sha1-glVNXydClwcyMqbCFNVaJxlY+i8="
    },
    "semver": {
      "version": "http://172.17.132.227:8888/semver/-/semver-5.3.0.tgz",
      "integrity": "sha1-myzl094C0XxgEq0yaqa00M9U+U8="
    },
    "shot": {
      "version": "http://172.18.34.100:8888/shot/-/shot-3.4.0.tgz",
      "integrity": "sha1-5xJe5yV1rlIYNJ6TNjaAjXkNS5I=",
      "requires": {
        "hoek": "http://172.17.132.227:8888/hoek/-/hoek-4.1.0.tgz",
        "joi": "https://registry.npm.taobao.org/joi/download/joi-10.2.2.tgz"
      }
    },
    "sliced": {
      "version": "http://172.17.132.227:8888/sliced/-/sliced-1.0.1.tgz",
      "integrity": "sha1-CzpmK10Ewxd7GSa+qCsD+Dei70E="
    },
    "sorted-array-functions": {
      "version": "http://appff.meizu.com:8888/sorted-array-functions/-/sorted-array-functions-1.0.0.tgz",
      "integrity": "sha1-wLVU2ecJr/y+VtNMGyUUGX/Tgnk="
    },
    "statehood": {
      "version": "http://172.17.132.227:8888/statehood/-/statehood-4.1.0.tgz",
      "integrity": "sha1-iih30T2YUKq2zod6VLd43w9DrNs=",
      "requires": {
        "boom": "http://172.17.132.227:8888/boom/-/boom-3.2.2.tgz",
        "cryptiles": "http://172.17.132.227:8888/cryptiles/-/cryptiles-3.1.1.tgz",
        "hoek": "http://172.17.132.227:8888/hoek/-/hoek-4.1.0.tgz",
        "iron": "http://172.17.132.227:8888/iron/-/iron-4.0.4.tgz",
        "items": "http://172.17.132.227:8888/items/-/items-2.1.1.tgz",
        "joi": "http://172.17.132.227:8888/joi/-/joi-9.2.0.tgz"
      },
      "dependencies": {
        "joi": {
          "version": "http://172.17.132.227:8888/joi/-/joi-9.2.0.tgz",
          "integrity": "sha1-M4WseQGSEwy+Iw6ALsAskhW7/to=",
          "requires": {
            "hoek": "http://172.17.132.227:8888/hoek/-/hoek-4.1.0.tgz",
            "isemail": "http://172.17.132.227:8888/isemail/-/isemail-2.2.1.tgz",
            "items": "http://172.17.132.227:8888/items/-/items-2.1.1.tgz",
            "moment": "http://172.17.132.227:8888/moment/-/moment-2.15.2.tgz",
            "topo": "http://172.17.132.227:8888/topo/-/topo-2.0.2.tgz"
          }
        }
      }
    },
    "stream-shift": {
      "version": "http://172.17.132.227:8888/stream-shift/-/stream-shift-1.0.0.tgz",
      "integrity": "sha1-1cdSgl5TZ+eG944Y5EXqIjoVWVI="
    },
    "string_decoder": {
      "version": "https://registry.npmjs.org/string_decoder/-/string_decoder-0.10.31.tgz",
      "integrity": "sha1-YuIDvEF2bGwoyfyEMB2rHFMQ+pQ="
    },
    "subtext": {
      "version": "http://172.17.132.227:8888/subtext/-/subtext-4.3.0.tgz",
      "integrity": "sha1-36yQSS7DVmn9bgDG5dk4sG18z7s=",
      "requires": {
        "boom": "http://172.17.132.227:8888/boom/-/boom-4.2.0.tgz",
        "content": "http://172.18.34.100:8888/content/-/content-3.0.3.tgz",
        "hoek": "http://172.17.132.227:8888/hoek/-/hoek-4.1.0.tgz",
        "pez": "http://172.18.34.100:8888/pez/-/pez-2.1.4.tgz",
        "wreck": "http://172.17.132.227:8888/wreck/-/wreck-10.0.0.tgz"
      },
      "dependencies": {
        "boom": {
          "version": "http://172.17.132.227:8888/boom/-/boom-4.2.0.tgz",
          "integrity": "sha1-wadBdLEfu6Ij9hYtT9iFGhuCpTY=",
          "requires": {
            "hoek": "http://172.17.132.227:8888/hoek/-/hoek-4.1.0.tgz"
          }
        }
      }
    },
    "topo": {
      "version": "http://172.17.132.227:8888/topo/-/topo-2.0.2.tgz",
      "integrity": "sha1-zVYVdSU5BXwNwEkaYhw7xvvh0YI=",
      "requires": {
        "hoek": "http://172.17.132.227:8888/hoek/-/hoek-4.1.0.tgz"
      }
    },
    "util-deprecate": {
      "version": "https://registry.npmjs.org/util-deprecate/-/util-deprecate-1.0.2.tgz",
      "integrity": "sha1-RQ1Nyfpw3nMnYvvS1KKJgUGaDM8="
    },
    "vise": {
      "version": "http://172.17.132.227:8888/vise/-/vise-2.0.2.tgz",
      "integrity": "sha1-awjo+0y3bjpQzW3Q7DczjoEaDTk=",
      "requires": {
        "hoek": "http://172.17.132.227:8888/hoek/-/hoek-4.1.0.tgz"
      }
    },
    "wrappy": {
      "version": "http://172.17.132.227:8888/wrappy/-/wrappy-1.0.2.tgz",
      "integrity": "sha1-tSQ9jz7BqjXxNkYFvA0QNuMKtp8="
    },
    "wreck": {
      "version": "http://172.17.132.227:8888/wreck/-/wreck-10.0.0.tgz",
      "integrity": "sha1-mKuIL4XhalJjMlB/EB9aeEEWIng=",
      "requires": {
        "boom": "http://172.17.132.227:8888/boom/-/boom-4.2.0.tgz",
        "hoek": "http://172.17.132.227:8888/hoek/-/hoek-4.1.0.tgz"
      },
      "dependencies": {
        "boom": {
          "version": "http://172.17.132.227:8888/boom/-/boom-4.2.0.tgz",
          "integrity": "sha1-wadBdLEfu6Ij9hYtT9iFGhuCpTY=",
          "requires": {
            "hoek": "http://172.17.132.227:8888/hoek/-/hoek-4.1.0.tgz"
          }
        }
      }
    },
    "yallist": {
      "version": "http://172.17.132.227:8888/yallist/-/yallist-2.0.0.tgz",
      "integrity": "sha1-MGxUODXwnuGkyyO3vOmrNByRzdQ="
    }
  }
}
